
Microsoft Visual Studio Solution File, Format Version 12.00
# Visual Studio Version 17
VisualStudioVersion = 17.14.36121.58 d17.14
MinimumVisualStudioVersion = 10.0.40219.1
Project("{FAE04EC0-301F-11D3-BF4B-00C04F79EFBC}") = "MiniLang", "MiniLang\MiniLang.csproj", "{973FDEEF-BE17-4441-A6CA-3884EFDB60DB}"
EndProject
Project("{FAE04EC0-301F-11D3-BF4B-00C04F79EFBC}") = "MiniLangTest", "MiniLangTest\MiniLangTest.csproj", "{52A2B868-ABD0-41E9-B18B-C093837B6D3A}"
EndProject
Global
	GlobalSection(SolutionConfigurationPlatforms) = preSolution
		Debug|Any CPU = Debug|Any CPU
		Release|Any CPU = Release|Any CPU
	EndGlobalSection
	GlobalSection(ProjectConfigurationPlatforms) = postSolution
		{973FDEEF-BE17-4441-A6CA-3884EFDB60DB}.Debug|Any CPU.ActiveCfg = Debug|Any CPU
		{973FDEEF-BE17-4441-A6CA-3884EFDB60DB}.Debug|Any CPU.Build.0 = Debug|Any CPU
		{973FDEEF-BE17-4441-A6CA-3884EFDB60DB}.Release|Any CPU.ActiveCfg = Release|Any CPU
		{973FDEEF-BE17-4441-A6CA-3884EFDB60DB}.Release|Any CPU.Build.0 = Release|Any CPU
		{52A2B868-ABD0-41E9-B18B-C093837B6D3A}.Debug|Any CPU.ActiveCfg = Debug|Any CPU
		{52A2B868-ABD0-41E9-B18B-C093837B6D3A}.Debug|Any CPU.Build.0 = Debug|Any CPU
		{52A2B868-ABD0-41E9-B18B-C093837B6D3A}.Release|Any CPU.ActiveCfg = Release|Any CPU
		{52A2B868-ABD0-41E9-B18B-C093837B6D3A}.Release|Any CPU.Build.0 = Release|Any CPU
	EndGlobalSection
	GlobalSection(SolutionProperties) = preSolution
		HideSolutionNode = FALSE
	EndGlobalSection
	GlobalSection(ExtensibilityGlobals) = postSolution
		SolutionGuid = {EF7A4467-31C5-4296-9226-07377B33E524}
	EndGlobalSection
EndGlobal
